
Microsoft Visual Studio Solution File, Format Version 12.00
# Visual Studio Version 17
VisualStudioVersion = 17.0.31912.275
MinimumVisualStudioVersion = 10.0.40219.1
Project("{9A19103F-16F7-4668-BE54-9A1E7A4F7556}") = "Paas.Pioneer", "src\Paas.Pioneer\Paas.Pioneer.csproj", "{1A27651F-8CEC-44E0-8D4B-785DF32250FD}"
EndProject
Project("{9A19103F-16F7-4668-BE54-9A1E7A4F7556}") = "Paas.Pioneer.Knife4jUI.Swagger", "src\Paas.Pioneer.Knife4jUI.Swagger\Paas.Pioneer.Knife4jUI.Swagger.csproj", "{3E996DF5-6777-4530-84CB-A3617D361C67}"
EndProject
Project("{2150E333-8FDC-42A3-9474-1A3956D46DE8}") = "src", "src", "{EA20D17B-D4D6-4B99-BD43-AF20A749BA36}"
EndProject
Project("{2150E333-8FDC-42A3-9474-1A3956D46DE8}") = "test", "test", "{83D98DAA-9A0F-4A41-B58F-2033BBB57736}"
EndProject
Project("{9A19103F-16F7-4668-BE54-9A1E7A4F7556}") = "Paas.Pioneer.Middleware", "src\Paas.Pioneer.Middleware\Paas.Pioneer.Middleware.csproj", "{A13EA553-18F4-4A51-B142-232C96349CCA}"
EndProject
Project("{9A19103F-16F7-4668-BE54-9A1E7A4F7556}") = "Paas.Pioneer.Domain.Shared", "src\Paas.Pioneer.Domain.Shared\Paas.Pioneer.Domain.Shared.csproj", "{DE804441-E5BF-42C8-9A36-3B701DAEAD6E}"
EndProject
Project("{9A19103F-16F7-4668-BE54-9A1E7A4F7556}") = "Paas.Pioneer.Test", "test\Paas.Pioneer.Test\Paas.Pioneer.Test.csproj", "{1828B840-36CA-41EB-946C-6EF396816AF2}"
EndProject
Project("{9A19103F-16F7-4668-BE54-9A1E7A4F7556}") = "Paas.Pioneer.Redis", "src\Paas.Pioneer.Redis\Paas.Pioneer.Redis.csproj", "{7989226C-AC35-4002-BFBE-C2C9EA8EEB94}"
EndProject
Project("{9A19103F-16F7-4668-BE54-9A1E7A4F7556}") = "Paas.Pioneer.Domain", "src\Paas.Pioneer.Domain\Paas.Pioneer.Domain.csproj", "{99BBC02D-86FB-4048-B606-D203ABAA9954}"
EndProject
Project("{9A19103F-16F7-4668-BE54-9A1E7A4F7556}") = "Paas.Pioneer.AutoWrapper", "src\Paas.Pioneer.AutoWrapper\Paas.Pioneer.AutoWrapper.csproj", "{8C4223E1-0C8A-421C-AE58-81824B9FE1B7}"
EndProject
Project("{9A19103F-16F7-4668-BE54-9A1E7A4F7556}") = "Paas.Pioneer.DynamicProxy", "src\Paas.Pioneer.DynamicProxy\Paas.Pioneer.DynamicProxy.csproj", "{E7DE0F0F-35A8-46E7-8E14-FE8934618832}"
EndProject
Project("{FAE04EC0-301F-11D3-BF4B-00C04F79EFBC}") = "Paas.Pioneer.SignalR", "src\Paas.Pioneer.SignalR\Paas.Pioneer.SignalR.csproj", "{7CF10BE0-706F-4A3D-A815-0BA1F16217EE}"
EndProject
Global
	GlobalSection(SolutionConfigurationPlatforms) = preSolution
		Debug|Any CPU = Debug|Any CPU
		Release|Any CPU = Release|Any CPU
	EndGlobalSection
	GlobalSection(ProjectConfigurationPlatforms) = postSolution
		{1A27651F-8CEC-44E0-8D4B-785DF32250FD}.Debug|Any CPU.ActiveCfg = Debug|Any CPU
		{1A27651F-8CEC-44E0-8D4B-785DF32250FD}.Debug|Any CPU.Build.0 = Debug|Any CPU
		{1A27651F-8CEC-44E0-8D4B-785DF32250FD}.Release|Any CPU.ActiveCfg = Release|Any CPU
		{1A27651F-8CEC-44E0-8D4B-785DF32250FD}.Release|Any CPU.Build.0 = Release|Any CPU
		{3E996DF5-6777-4530-84CB-A3617D361C67}.Debug|Any CPU.ActiveCfg = Debug|Any CPU
		{3E996DF5-6777-4530-84CB-A3617D361C67}.Debug|Any CPU.Build.0 = Debug|Any CPU
		{3E996DF5-6777-4530-84CB-A3617D361C67}.Release|Any CPU.ActiveCfg = Release|Any CPU
		{3E996DF5-6777-4530-84CB-A3617D361C67}.Release|Any CPU.Build.0 = Release|Any CPU
		{A13EA553-18F4-4A51-B142-232C96349CCA}.Debug|Any CPU.ActiveCfg = Debug|Any CPU
		{A13EA553-18F4-4A51-B142-232C96349CCA}.Debug|Any CPU.Build.0 = Debug|Any CPU
		{A13EA553-18F4-4A51-B142-232C96349CCA}.Release|Any CPU.ActiveCfg = Release|Any CPU
		{A13EA553-18F4-4A51-B142-232C96349CCA}.Release|Any CPU.Build.0 = Release|Any CPU
		{DE804441-E5BF-42C8-9A36-3B701DAEAD6E}.Debug|Any CPU.ActiveCfg = Debug|Any CPU
		{DE804441-E5BF-42C8-9A36-3B701DAEAD6E}.Debug|Any CPU.Build.0 = Debug|Any CPU
		{DE804441-E5BF-42C8-9A36-3B701DAEAD6E}.Release|Any CPU.ActiveCfg = Release|Any CPU
		{DE804441-E5BF-42C8-9A36-3B701DAEAD6E}.Release|Any CPU.Build.0 = Release|Any CPU
		{1828B840-36CA-41EB-946C-6EF396816AF2}.Debug|Any CPU.ActiveCfg = Debug|Any CPU
		{1828B840-36CA-41EB-946C-6EF396816AF2}.Debug|Any CPU.Build.0 = Debug|Any CPU
		{1828B840-36CA-41EB-946C-6EF396816AF2}.Release|Any CPU.ActiveCfg = Release|Any CPU
		{1828B840-36CA-41EB-946C-6EF396816AF2}.Release|Any CPU.Build.0 = Release|Any CPU
		{7989226C-AC35-4002-BFBE-C2C9EA8EEB94}.Debug|Any CPU.ActiveCfg = Debug|Any CPU
		{7989226C-AC35-4002-BFBE-C2C9EA8EEB94}.Debug|Any CPU.Build.0 = Debug|Any CPU
		{7989226C-AC35-4002-BFBE-C2C9EA8EEB94}.Release|Any CPU.ActiveCfg = Release|Any CPU
		{7989226C-AC35-4002-BFBE-C2C9EA8EEB94}.Release|Any CPU.Build.0 = Release|Any CPU
		{99BBC02D-86FB-4048-B606-D203ABAA9954}.Debug|Any CPU.ActiveCfg = Debug|Any CPU
		{99BBC02D-86FB-4048-B606-D203ABAA9954}.Debug|Any CPU.Build.0 = Debug|Any CPU
		{99BBC02D-86FB-4048-B606-D203ABAA9954}.Release|Any CPU.ActiveCfg = Release|Any CPU
		{99BBC02D-86FB-4048-B606-D203ABAA9954}.Release|Any CPU.Build.0 = Release|Any CPU
		{8C4223E1-0C8A-421C-AE58-81824B9FE1B7}.Debug|Any CPU.ActiveCfg = Debug|Any CPU
		{8C4223E1-0C8A-421C-AE58-81824B9FE1B7}.Debug|Any CPU.Build.0 = Debug|Any CPU
		{8C4223E1-0C8A-421C-AE58-81824B9FE1B7}.Release|Any CPU.ActiveCfg = Release|Any CPU
		{8C4223E1-0C8A-421C-AE58-81824B9FE1B7}.Release|Any CPU.Build.0 = Release|Any CPU
		{E7DE0F0F-35A8-46E7-8E14-FE8934618832}.Debug|Any CPU.ActiveCfg = Debug|Any CPU
		{E7DE0F0F-35A8-46E7-8E14-FE8934618832}.Debug|Any CPU.Build.0 = Debug|Any CPU
		{E7DE0F0F-35A8-46E7-8E14-FE8934618832}.Release|Any CPU.ActiveCfg = Release|Any CPU
		{E7DE0F0F-35A8-46E7-8E14-FE8934618832}.Release|Any CPU.Build.0 = Release|Any CPU
		{7CF10BE0-706F-4A3D-A815-0BA1F16217EE}.Debug|Any CPU.ActiveCfg = Debug|Any CPU
		{7CF10BE0-706F-4A3D-A815-0BA1F16217EE}.Debug|Any CPU.Build.0 = Debug|Any CPU
		{7CF10BE0-706F-4A3D-A815-0BA1F16217EE}.Release|Any CPU.ActiveCfg = Release|Any CPU
		{7CF10BE0-706F-4A3D-A815-0BA1F16217EE}.Release|Any CPU.Build.0 = Release|Any CPU
	EndGlobalSection
	GlobalSection(SolutionProperties) = preSolution
		HideSolutionNode = FALSE
	EndGlobalSection
	GlobalSection(NestedProjects) = preSolution
		{1A27651F-8CEC-44E0-8D4B-785DF32250FD} = {EA20D17B-D4D6-4B99-BD43-AF20A749BA36}
		{3E996DF5-6777-4530-84CB-A3617D361C67} = {EA20D17B-D4D6-4B99-BD43-AF20A749BA36}
		{A13EA553-18F4-4A51-B142-232C96349CCA} = {EA20D17B-D4D6-4B99-BD43-AF20A749BA36}
		{DE804441-E5BF-42C8-9A36-3B701DAEAD6E} = {EA20D17B-D4D6-4B99-BD43-AF20A749BA36}
		{1828B840-36CA-41EB-946C-6EF396816AF2} = {83D98DAA-9A0F-4A41-B58F-2033BBB57736}
		{7989226C-AC35-4002-BFBE-C2C9EA8EEB94} = {EA20D17B-D4D6-4B99-BD43-AF20A749BA36}
		{99BBC02D-86FB-4048-B606-D203ABAA9954} = {EA20D17B-D4D6-4B99-BD43-AF20A749BA36}
		{8C4223E1-0C8A-421C-AE58-81824B9FE1B7} = {EA20D17B-D4D6-4B99-BD43-AF20A749BA36}
		{E7DE0F0F-35A8-46E7-8E14-FE8934618832} = {EA20D17B-D4D6-4B99-BD43-AF20A749BA36}
		{7CF10BE0-706F-4A3D-A815-0BA1F16217EE} = {EA20D17B-D4D6-4B99-BD43-AF20A749BA36}
	EndGlobalSection
	GlobalSection(ExtensibilityGlobals) = postSolution
		SolutionGuid = {5C491D72-0EB2-4F3F-81A5-E9A7A7124B31}
	EndGlobalSection
EndGlobal
